
Microsoft Visual Studio Solution File, Format Version 12.00
# Visual Studio 15
VisualStudioVersion = 15.0.28010.2036
MinimumVisualStudioVersion = 10.0.40219.1
Project("{9A19103F-16F7-4668-BE54-9A1E7A4F7556}") = "Presentation", "Presentation\Presentation.csproj", "{276F03A3-2EC1-4658-B300-2492FA56374E}"
EndProject
Project("{9A19103F-16F7-4668-BE54-9A1E7A4F7556}") = "DataLayer", "DataLayer\DataLayer.csproj", "{29F9BCDA-9767-45D7-AE89-BBCCCA40E64E}"
EndProject
Project("{9A19103F-16F7-4668-BE54-9A1E7A4F7556}") = "BusinessLayer", "BussinessLayer\BusinessLayer.csproj", "{91CFE299-D1C0-4F3C-8A1E-45856A684141}"
EndProject
Global
	GlobalSection(SolutionConfigurationPlatforms) = preSolution
		Debug|Any CPU = Debug|Any CPU
		Release|Any CPU = Release|Any CPU
	EndGlobalSection
	GlobalSection(ProjectConfigurationPlatforms) = postSolution
		{276F03A3-2EC1-4658-B300-2492FA56374E}.Debug|Any CPU.ActiveCfg = Debug|Any CPU
		{276F03A3-2EC1-4658-B300-2492FA56374E}.Debug|Any CPU.Build.0 = Debug|Any CPU
		{276F03A3-2EC1-4658-B300-2492FA56374E}.Release|Any CPU.ActiveCfg = Release|Any CPU
		{276F03A3-2EC1-4658-B300-2492FA56374E}.Release|Any CPU.Build.0 = Release|Any CPU
		{29F9BCDA-9767-45D7-AE89-BBCCCA40E64E}.Debug|Any CPU.ActiveCfg = Debug|Any CPU
		{29F9BCDA-9767-45D7-AE89-BBCCCA40E64E}.Debug|Any CPU.Build.0 = Debug|Any CPU
		{29F9BCDA-9767-45D7-AE89-BBCCCA40E64E}.Release|Any CPU.ActiveCfg = Release|Any CPU
		{29F9BCDA-9767-45D7-AE89-BBCCCA40E64E}.Release|Any CPU.Build.0 = Release|Any CPU
		{91CFE299-D1C0-4F3C-8A1E-45856A684141}.Debug|Any CPU.ActiveCfg = Debug|Any CPU
		{91CFE299-D1C0-4F3C-8A1E-45856A684141}.Debug|Any CPU.Build.0 = Debug|Any CPU
		{91CFE299-D1C0-4F3C-8A1E-45856A684141}.Release|Any CPU.ActiveCfg = Release|Any CPU
		{91CFE299-D1C0-4F3C-8A1E-45856A684141}.Release|Any CPU.Build.0 = Release|Any CPU
	EndGlobalSection
	GlobalSection(SolutionProperties) = preSolution
		HideSolutionNode = FALSE
	EndGlobalSection
	GlobalSection(ExtensibilityGlobals) = postSolution
		SolutionGuid = {270A394E-9567-4368-8828-3573C54C3B3F}
	EndGlobalSection
EndGlobal
